
Microsoft Visual Studio Solution File, Format Version 12.00
# Visual Studio Version 17
VisualStudioVersion = 17.10.34928.147
MinimumVisualStudioVersion = 10.0.40219.1
Project("{FAE04EC0-301F-11D3-BF4B-00C04F79EFBC}") = "GUI", "GUI\GUI.csproj", "{F8870E5F-C105-4E01-A321-02512EFC4B99}"
EndProject
Project("{FAE04EC0-301F-11D3-BF4B-00C04F79EFBC}") = "BLL", "BLL\BLL.csproj", "{AFF8C80F-8DB3-44CD-97DD-98AE41DEAE94}"
EndProject
Project("{FAE04EC0-301F-11D3-BF4B-00C04F79EFBC}") = "DAL", "DAL\DAL.csproj", "{1EBC7D87-2143-4F05-9EDB-462D766CCD76}"
EndProject
Project("{FAE04EC0-301F-11D3-BF4B-00C04F79EFBC}") = "DTO", "DTO\DTO.csproj", "{775E67D4-EB78-4C5E-9F00-1485FDDFC6E1}"
EndProject
Global
	GlobalSection(SolutionConfigurationPlatforms) = preSolution
		Debug|Any CPU = Debug|Any CPU
		Release|Any CPU = Release|Any CPU
	EndGlobalSection
	GlobalSection(ProjectConfigurationPlatforms) = postSolution
		{F8870E5F-C105-4E01-A321-02512EFC4B99}.Debug|Any CPU.ActiveCfg = Debug|Any CPU
		{F8870E5F-C105-4E01-A321-02512EFC4B99}.Debug|Any CPU.Build.0 = Debug|Any CPU
		{F8870E5F-C105-4E01-A321-02512EFC4B99}.Release|Any CPU.ActiveCfg = Release|Any CPU
		{F8870E5F-C105-4E01-A321-02512EFC4B99}.Release|Any CPU.Build.0 = Release|Any CPU
		{AFF8C80F-8DB3-44CD-97DD-98AE41DEAE94}.Debug|Any CPU.ActiveCfg = Debug|Any CPU
		{AFF8C80F-8DB3-44CD-97DD-98AE41DEAE94}.Debug|Any CPU.Build.0 = Debug|Any CPU
		{AFF8C80F-8DB3-44CD-97DD-98AE41DEAE94}.Release|Any CPU.ActiveCfg = Release|Any CPU
		{AFF8C80F-8DB3-44CD-97DD-98AE41DEAE94}.Release|Any CPU.Build.0 = Release|Any CPU
		{1EBC7D87-2143-4F05-9EDB-462D766CCD76}.Debug|Any CPU.ActiveCfg = Debug|Any CPU
		{1EBC7D87-2143-4F05-9EDB-462D766CCD76}.Debug|Any CPU.Build.0 = Debug|Any CPU
		{1EBC7D87-2143-4F05-9EDB-462D766CCD76}.Release|Any CPU.ActiveCfg = Release|Any CPU
		{1EBC7D87-2143-4F05-9EDB-462D766CCD76}.Release|Any CPU.Build.0 = Release|Any CPU
		{775E67D4-EB78-4C5E-9F00-1485FDDFC6E1}.Debug|Any CPU.ActiveCfg = Debug|Any CPU
		{775E67D4-EB78-4C5E-9F00-1485FDDFC6E1}.Debug|Any CPU.Build.0 = Debug|Any CPU
		{775E67D4-EB78-4C5E-9F00-1485FDDFC6E1}.Release|Any CPU.ActiveCfg = Release|Any CPU
		{775E67D4-EB78-4C5E-9F00-1485FDDFC6E1}.Release|Any CPU.Build.0 = Release|Any CPU
	EndGlobalSection
	GlobalSection(SolutionProperties) = preSolution
		HideSolutionNode = FALSE
	EndGlobalSection
	GlobalSection(ExtensibilityGlobals) = postSolution
		SolutionGuid = {B305CD3B-5882-485D-8DA6-197AF914C7CB}
	EndGlobalSection
EndGlobal
